# This file is automatically @generated by Cargo.
# It is not intended for manual editing.
[[package]]
name = "arrayvec"
version = "0.4.11"
source = "registry+https://github.com/rust-lang/crates.io-index"
dependencies = [
 "nodrop 0.1.13 (registry+https://github.com/rust-lang/crates.io-index)",
]

[[package]]
name = "as-slice"
version = "0.1.0"
source = "registry+https://github.com/rust-lang/crates.io-index"
dependencies = [
 "generic-array 0.12.3 (registry+https://github.com/rust-lang/crates.io-index)",
 "stable_deref_trait 1.1.1 (registry+https://github.com/rust-lang/crates.io-index)",
]

[[package]]
name = "async_utils"
version = "0.1.0"
dependencies = [
 "core-futures-tls 0.1.1",
 "futures-preview 0.3.0-alpha.19 (registry+https://github.com/rust-lang/crates.io-index)",
 "generic-array 0.13.2 (registry+https://github.com/rust-lang/crates.io-index)",
 "pin-utils 0.1.0-alpha.4 (registry+https://github.com/rust-lang/crates.io-index)",
]

[[package]]
name = "byteorder"
version = "1.3.2"
source = "registry+https://github.com/rust-lang/crates.io-index"

[[package]]
name = "core-futures-tls"
version = "0.1.1"

[[package]]
name = "embedded-websocket"
version = "0.1.0"
source = "git+https://github.com/aprilwade/embedded-websocket#2f6155fe4831e0bc027fe4247be41acbfa179dc1"
dependencies = [
 "byteorder 1.3.2 (registry+https://github.com/rust-lang/crates.io-index)",
 "heapless 0.5.1 (registry+https://github.com/rust-lang/crates.io-index)",
 "httparse 1.3.4 (registry+https://github.com/rust-lang/crates.io-index)",
 "rand_core 0.4.2 (registry+https://github.com/rust-lang/crates.io-index)",
 "sha1 0.6.0 (registry+https://github.com/rust-lang/crates.io-index)",
]

[[package]]
name = "futures-channel-preview"
version = "0.3.0-alpha.19"
source = "registry+https://github.com/rust-lang/crates.io-index"
dependencies = [
 "futures-core-preview 0.3.0-alpha.19 (registry+https://github.com/rust-lang/crates.io-index)",
 "futures-sink-preview 0.3.0-alpha.19 (registry+https://github.com/rust-lang/crates.io-index)",
]

[[package]]
name = "futures-core-preview"
version = "0.3.0-alpha.19"
source = "registry+https://github.com/rust-lang/crates.io-index"

[[package]]
name = "futures-executor-preview"
version = "0.3.0-alpha.19"
source = "registry+https://github.com/rust-lang/crates.io-index"
dependencies = [
 "futures-core-preview 0.3.0-alpha.19 (registry+https://github.com/rust-lang/crates.io-index)",
 "futures-util-preview 0.3.0-alpha.19 (registry+https://github.com/rust-lang/crates.io-index)",
]

[[package]]
name = "futures-io-preview"
version = "0.3.0-alpha.19"
source = "registry+https://github.com/rust-lang/crates.io-index"

[[package]]
name = "futures-join-macro-preview"
version = "0.3.0-alpha.19"
source = "registry+https://github.com/rust-lang/crates.io-index"
dependencies = [
 "proc-macro-hack 0.5.10 (registry+https://github.com/rust-lang/crates.io-index)",
 "proc-macro2 1.0.5 (registry+https://github.com/rust-lang/crates.io-index)",
 "quote 1.0.2 (registry+https://github.com/rust-lang/crates.io-index)",
 "syn 1.0.5 (registry+https://github.com/rust-lang/crates.io-index)",
]

[[package]]
name = "futures-preview"
version = "0.3.0-alpha.19"
source = "registry+https://github.com/rust-lang/crates.io-index"
dependencies = [
 "futures-channel-preview 0.3.0-alpha.19 (registry+https://github.com/rust-lang/crates.io-index)",
 "futures-core-preview 0.3.0-alpha.19 (registry+https://github.com/rust-lang/crates.io-index)",
 "futures-executor-preview 0.3.0-alpha.19 (registry+https://github.com/rust-lang/crates.io-index)",
 "futures-io-preview 0.3.0-alpha.19 (registry+https://github.com/rust-lang/crates.io-index)",
 "futures-sink-preview 0.3.0-alpha.19 (registry+https://github.com/rust-lang/crates.io-index)",
 "futures-util-preview 0.3.0-alpha.19 (registry+https://github.com/rust-lang/crates.io-index)",
]

[[package]]
name = "futures-select-macro-preview"
version = "0.3.0-alpha.19"
source = "registry+https://github.com/rust-lang/crates.io-index"
dependencies = [
 "proc-macro-hack 0.5.10 (registry+https://github.com/rust-lang/crates.io-index)",
 "proc-macro2 1.0.5 (registry+https://github.com/rust-lang/crates.io-index)",
 "quote 1.0.2 (registry+https://github.com/rust-lang/crates.io-index)",
 "syn 1.0.5 (registry+https://github.com/rust-lang/crates.io-index)",
]

[[package]]
name = "futures-sink-preview"
version = "0.3.0-alpha.19"
source = "registry+https://github.com/rust-lang/crates.io-index"

[[package]]
name = "futures-util-preview"
version = "0.3.0-alpha.19"
source = "registry+https://github.com/rust-lang/crates.io-index"
dependencies = [
 "futures-core-preview 0.3.0-alpha.19 (registry+https://github.com/rust-lang/crates.io-index)",
 "futures-join-macro-preview 0.3.0-alpha.19 (registry+https://github.com/rust-lang/crates.io-index)",
 "futures-select-macro-preview 0.3.0-alpha.19 (registry+https://github.com/rust-lang/crates.io-index)",
 "futures-sink-preview 0.3.0-alpha.19 (registry+https://github.com/rust-lang/crates.io-index)",
 "pin-utils 0.1.0-alpha.4 (registry+https://github.com/rust-lang/crates.io-index)",
 "proc-macro-hack 0.5.10 (registry+https://github.com/rust-lang/crates.io-index)",
 "proc-macro-nested 0.1.3 (registry+https://github.com/rust-lang/crates.io-index)",
]

[[package]]
name = "generic-array"
version = "0.12.3"
source = "registry+https://github.com/rust-lang/crates.io-index"
dependencies = [
 "typenum 1.11.2 (registry+https://github.com/rust-lang/crates.io-index)",
]

[[package]]
name = "generic-array"
version = "0.13.2"
source = "registry+https://github.com/rust-lang/crates.io-index"
dependencies = [
 "typenum 1.11.2 (registry+https://github.com/rust-lang/crates.io-index)",
]

[[package]]
name = "hash32"
version = "0.1.0"
source = "registry+https://github.com/rust-lang/crates.io-index"
dependencies = [
 "byteorder 1.3.2 (registry+https://github.com/rust-lang/crates.io-index)",
]

[[package]]
name = "heapless"
version = "0.5.1"
source = "registry+https://github.com/rust-lang/crates.io-index"
dependencies = [
 "as-slice 0.1.0 (registry+https://github.com/rust-lang/crates.io-index)",
 "generic-array 0.13.2 (registry+https://github.com/rust-lang/crates.io-index)",
 "hash32 0.1.0 (registry+https://github.com/rust-lang/crates.io-index)",
]

[[package]]
name = "httparse"
version = "1.3.4"
source = "registry+https://github.com/rust-lang/crates.io-index"

[[package]]
name = "linked_list_allocator"
version = "0.6.4"
source = "registry+https://github.com/rust-lang/crates.io-index"
dependencies = [
 "spin 0.5.2 (registry+https://github.com/rust-lang/crates.io-index)",
]

[[package]]
name = "linkme"
version = "0.1.6"
source = "registry+https://github.com/rust-lang/crates.io-index"
dependencies = [
 "linkme-impl 0.1.6 (registry+https://github.com/rust-lang/crates.io-index)",
]

[[package]]
name = "linkme-impl"
version = "0.1.6"
source = "registry+https://github.com/rust-lang/crates.io-index"
dependencies = [
 "proc-macro2 1.0.5 (registry+https://github.com/rust-lang/crates.io-index)",
 "quote 1.0.2 (registry+https://github.com/rust-lang/crates.io-index)",
 "syn 1.0.5 (registry+https://github.com/rust-lang/crates.io-index)",
]

[[package]]
name = "md5"
version = "0.6.1"
source = "registry+https://github.com/rust-lang/crates.io-index"

[[package]]
name = "nodrop"
version = "0.1.13"
source = "registry+https://github.com/rust-lang/crates.io-index"

[[package]]
name = "paste"
version = "0.1.6"
source = "registry+https://github.com/rust-lang/crates.io-index"
dependencies = [
 "paste-impl 0.1.6 (registry+https://github.com/rust-lang/crates.io-index)",
 "proc-macro-hack 0.5.10 (registry+https://github.com/rust-lang/crates.io-index)",
]

[[package]]
name = "paste-impl"
version = "0.1.6"
source = "registry+https://github.com/rust-lang/crates.io-index"
dependencies = [
 "proc-macro-hack 0.5.10 (registry+https://github.com/rust-lang/crates.io-index)",
 "proc-macro2 1.0.5 (registry+https://github.com/rust-lang/crates.io-index)",
 "quote 1.0.2 (registry+https://github.com/rust-lang/crates.io-index)",
 "syn 1.0.5 (registry+https://github.com/rust-lang/crates.io-index)",
]

[[package]]
name = "pin-utils"
version = "0.1.0-alpha.4"
source = "registry+https://github.com/rust-lang/crates.io-index"

[[package]]
name = "primeapi"
version = "0.1.0"
dependencies = [
 "core-futures-tls 0.1.1",
 "generic-array 0.13.2 (registry+https://github.com/rust-lang/crates.io-index)",
 "linkme 0.1.6 (registry+https://github.com/rust-lang/crates.io-index)",
 "paste 0.1.6 (registry+https://github.com/rust-lang/crates.io-index)",
 "primeapi_macros 0.1.0",
]

[[package]]
name = "primeapi_macros"
version = "0.1.0"
dependencies = [
 "md5 0.6.1 (registry+https://github.com/rust-lang/crates.io-index)",
 "quote 1.0.2 (registry+https://github.com/rust-lang/crates.io-index)",
 "syn 1.0.5 (registry+https://github.com/rust-lang/crates.io-index)",
]

[[package]]
name = "proc-macro-hack"
version = "0.5.10"
source = "registry+https://github.com/rust-lang/crates.io-index"
dependencies = [
 "proc-macro2 1.0.5 (registry+https://github.com/rust-lang/crates.io-index)",
 "quote 1.0.2 (registry+https://github.com/rust-lang/crates.io-index)",
 "syn 1.0.5 (registry+https://github.com/rust-lang/crates.io-index)",
]

[[package]]
name = "proc-macro-nested"
version = "0.1.3"
source = "registry+https://github.com/rust-lang/crates.io-index"

[[package]]
name = "proc-macro2"
version = "1.0.5"
source = "registry+https://github.com/rust-lang/crates.io-index"
dependencies = [
 "unicode-xid 0.2.0 (registry+https://github.com/rust-lang/crates.io-index)",
]

[[package]]
name = "quote"
version = "1.0.2"
source = "registry+https://github.com/rust-lang/crates.io-index"
dependencies = [
 "proc-macro2 1.0.5 (registry+https://github.com/rust-lang/crates.io-index)",
]

[[package]]
name = "rand_core"
version = "0.4.2"
source = "registry+https://github.com/rust-lang/crates.io-index"

[[package]]
name = "rel_loader"
version = "0.1.0"
dependencies = [
 "primeapi 0.1.0",
]

[[package]]
name = "rel_patches"
version = "0.1.0"
dependencies = [
 "arrayvec 0.4.11 (registry+https://github.com/rust-lang/crates.io-index)",
 "async_utils 0.1.0",
 "core-futures-tls 0.1.1",
 "embedded-websocket 0.1.0 (git+https://github.com/aprilwade/embedded-websocket)",
 "futures-preview 0.3.0-alpha.19 (registry+https://github.com/rust-lang/crates.io-index)",
 "generic-array 0.13.2 (registry+https://github.com/rust-lang/crates.io-index)",
 "linked_list_allocator 0.6.4 (registry+https://github.com/rust-lang/crates.io-index)",
 "linkme 0.1.6 (registry+https://github.com/rust-lang/crates.io-index)",
 "pin-utils 0.1.0-alpha.4 (registry+https://github.com/rust-lang/crates.io-index)",
 "primeapi 0.1.0",
]

[[package]]
name = "sha1"
version = "0.6.0"
source = "registry+https://github.com/rust-lang/crates.io-index"

[[package]]
name = "spin"
version = "0.5.2"
source = "registry+https://github.com/rust-lang/crates.io-index"

[[package]]
name = "stable_deref_trait"
version = "1.1.1"
source = "registry+https://github.com/rust-lang/crates.io-index"

[[package]]
name = "syn"
version = "1.0.5"
source = "registry+https://github.com/rust-lang/crates.io-index"
dependencies = [
 "proc-macro2 1.0.5 (registry+https://github.com/rust-lang/crates.io-index)",
 "quote 1.0.2 (registry+https://github.com/rust-lang/crates.io-index)",
 "unicode-xid 0.2.0 (registry+https://github.com/rust-lang/crates.io-index)",
]

[[package]]
name = "typenum"
version = "1.11.2"
source = "registry+https://github.com/rust-lang/crates.io-index"

[[package]]
name = "unicode-xid"
version = "0.2.0"
source = "registry+https://github.com/rust-lang/crates.io-index"

[metadata]
"checksum arrayvec 0.4.11 (registry+https://github.com/rust-lang/crates.io-index)" = "b8d73f9beda665eaa98ab9e4f7442bd4e7de6652587de55b2525e52e29c1b0ba"
"checksum as-slice 0.1.0 (registry+https://github.com/rust-lang/crates.io-index)" = "293dac66b274fab06f95e7efb05ec439a6b70136081ea522d270bc351ae5bb27"
"checksum byteorder 1.3.2 (registry+https://github.com/rust-lang/crates.io-index)" = "a7c3dd8985a7111efc5c80b44e23ecdd8c007de8ade3b96595387e812b957cf5"
"checksum embedded-websocket 0.1.0 (git+https://github.com/aprilwade/embedded-websocket)" = "<none>"
"checksum futures-channel-preview 0.3.0-alpha.19 (registry+https://github.com/rust-lang/crates.io-index)" = "d5e5f4df964fa9c1c2f8bddeb5c3611631cacd93baf810fc8bb2fb4b495c263a"
"checksum futures-core-preview 0.3.0-alpha.19 (registry+https://github.com/rust-lang/crates.io-index)" = "b35b6263fb1ef523c3056565fa67b1d16f0a8604ff12b11b08c25f28a734c60a"
"checksum futures-executor-preview 0.3.0-alpha.19 (registry+https://github.com/rust-lang/crates.io-index)" = "75236e88bd9fe88e5e8bfcd175b665d0528fe03ca4c5207fabc028c8f9d93e98"
"checksum futures-io-preview 0.3.0-alpha.19 (registry+https://github.com/rust-lang/crates.io-index)" = "f4914ae450db1921a56c91bde97a27846287d062087d4a652efc09bb3a01ebda"
"checksum futures-join-macro-preview 0.3.0-alpha.19 (registry+https://github.com/rust-lang/crates.io-index)" = "59e260e6b48ce7d99936c40a7088d782a499a67bef41da5481d21b439454bcea"
"checksum futures-preview 0.3.0-alpha.19 (registry+https://github.com/rust-lang/crates.io-index)" = "3b1dce2a0267ada5c6ff75a8ba864b4e679a9e2aa44262af7a3b5516d530d76e"
"checksum futures-select-macro-preview 0.3.0-alpha.19 (registry+https://github.com/rust-lang/crates.io-index)" = "df2ae43560eb10b5e50604c53bead6c9c75eade7081390cd3cce66e1582958f7"
"checksum futures-sink-preview 0.3.0-alpha.19 (registry+https://github.com/rust-lang/crates.io-index)" = "86f148ef6b69f75bb610d4f9a2336d4fc88c4b5b67129d1a340dd0fd362efeec"
"checksum futures-util-preview 0.3.0-alpha.19 (registry+https://github.com/rust-lang/crates.io-index)" = "5ce968633c17e5f97936bd2797b6e38fb56cf16a7422319f7ec2e30d3c470e8d"
"checksum generic-array 0.12.3 (registry+https://github.com/rust-lang/crates.io-index)" = "c68f0274ae0e023facc3c97b2e00f076be70e254bc851d972503b328db79b2ec"
"checksum generic-array 0.13.2 (registry+https://github.com/rust-lang/crates.io-index)" = "0ed1e761351b56f54eb9dcd0cfaca9fd0daecf93918e1cfc01c8a3d26ee7adcd"
"checksum hash32 0.1.0 (registry+https://github.com/rust-lang/crates.io-index)" = "12d790435639c06a7b798af9e1e331ae245b7ef915b92f70a39b4cf8c00686af"
"checksum heapless 0.5.1 (registry+https://github.com/rust-lang/crates.io-index)" = "f339aa7d51777fc0af6aa7cbeb277dfc6e6c029cbdeda48d0fbb92c2337f0e69"
"checksum httparse 1.3.4 (registry+https://github.com/rust-lang/crates.io-index)" = "cd179ae861f0c2e53da70d892f5f3029f9594be0c41dc5269cd371691b1dc2f9"
"checksum linked_list_allocator 0.6.4 (registry+https://github.com/rust-lang/crates.io-index)" = "47314ec1d29aa869ee7cb5a5be57be9b1055c56567d59c3fb6689926743e0bea"
"checksum linkme 0.1.6 (registry+https://github.com/rust-lang/crates.io-index)" = "13a6e1cef9c14d507905870766a37cacdfae0fcc624c0b816436cbcd6847ac36"
"checksum linkme-impl 0.1.6 (registry+https://github.com/rust-lang/crates.io-index)" = "88c30526fa88b1827f5b54a1add45a9de867088ca2aceda9fda9a02d86c2a01b"
"checksum md5 0.6.1 (registry+https://github.com/rust-lang/crates.io-index)" = "7e6bcd6433cff03a4bfc3d9834d504467db1f1cf6d0ea765d37d330249ed629d"
"checksum nodrop 0.1.13 (registry+https://github.com/rust-lang/crates.io-index)" = "2f9667ddcc6cc8a43afc9b7917599d7216aa09c463919ea32c59ed6cac8bc945"
"checksum paste 0.1.6 (registry+https://github.com/rust-lang/crates.io-index)" = "423a519e1c6e828f1e73b720f9d9ed2fa643dce8a7737fb43235ce0b41eeaa49"
"checksum paste-impl 0.1.6 (registry+https://github.com/rust-lang/crates.io-index)" = "4214c9e912ef61bf42b81ba9a47e8aad1b2ffaf739ab162bf96d1e011f54e6c5"
"checksum pin-utils 0.1.0-alpha.4 (registry+https://github.com/rust-lang/crates.io-index)" = "5894c618ce612a3fa23881b152b608bafb8c56cfc22f434a3ba3120b40f7b587"
"checksum proc-macro-hack 0.5.10 (registry+https://github.com/rust-lang/crates.io-index)" = "114cdf1f426eb7f550f01af5f53a33c0946156f6814aec939b3bd77e844f9a9d"
"checksum proc-macro-nested 0.1.3 (registry+https://github.com/rust-lang/crates.io-index)" = "369a6ed065f249a159e06c45752c780bda2fb53c995718f9e484d08daa9eb42e"
"checksum proc-macro2 1.0.5 (registry+https://github.com/rust-lang/crates.io-index)" = "90cf5f418035b98e655e9cdb225047638296b862b42411c4e45bb88d700f7fc0"
"checksum quote 1.0.2 (registry+https://github.com/rust-lang/crates.io-index)" = "053a8c8bcc71fcce321828dc897a98ab9760bef03a4fc36693c231e5b3216cfe"
"checksum rand_core 0.4.2 (registry+https://github.com/rust-lang/crates.io-index)" = "9c33a3c44ca05fa6f1807d8e6743f3824e8509beca625669633be0acbdf509dc"
"checksum sha1 0.6.0 (registry+https://github.com/rust-lang/crates.io-index)" = "2579985fda508104f7587689507983eadd6a6e84dd35d6d115361f530916fa0d"
"checksum spin 0.5.2 (registry+https://github.com/rust-lang/crates.io-index)" = "6e63cff320ae2c57904679ba7cb63280a3dc4613885beafb148ee7bf9aa9042d"
"checksum stable_deref_trait 1.1.1 (registry+https://github.com/rust-lang/crates.io-index)" = "dba1a27d3efae4351c8051072d619e3ade2820635c3958d826bfea39d59b54c8"
"checksum syn 1.0.5 (registry+https://github.com/rust-lang/crates.io-index)" = "66850e97125af79138385e9b88339cbcd037e3f28ceab8c5ad98e64f0f1f80bf"
"checksum typenum 1.11.2 (registry+https://github.com/rust-lang/crates.io-index)" = "6d2783fe2d6b8c1101136184eb41be8b1ad379e4657050b8aaff0c79ee7575f9"
"checksum unicode-xid 0.2.0 (registry+https://github.com/rust-lang/crates.io-index)" = "826e7639553986605ec5979c7dd957c7895e93eabed50ab2ffa7f6128a75097c"
